
Microsoft Visual Studio Solution File, Format Version 12.00
# Visual Studio 15
VisualStudioVersion = 15.0.27703.2035
MinimumVisualStudioVersion = 10.0.40219.1
Project("{9A19103F-16F7-4668-BE54-9A1E7A4F7556}") = "WebApp", "WebApp\WebApp.csproj", "{C231D2BA-7060-4A5C-B6A0-AAEFF738189E}"
EndProject
Project("{9A19103F-16F7-4668-BE54-9A1E7A4F7556}") = "BLL", "BLL\BLL.csproj", "{890044E1-AA90-4DAD-A6CD-F46B9B14A132}"
EndProject
Project("{9A19103F-16F7-4668-BE54-9A1E7A4F7556}") = "DAL.App.EF", "DAL.App.EF\DAL.App.EF.csproj", "{00DEAF22-C4A7-41F5-9EFB-04C21E04FD5C}"
EndProject
Project("{9A19103F-16F7-4668-BE54-9A1E7A4F7556}") = "DAL.App.Interfaces", "DAL.App.Interfaces\DAL.App.Interfaces.csproj", "{075BE152-226C-4E2E-AB65-53252AB2B59A}"
EndProject
Project("{9A19103F-16F7-4668-BE54-9A1E7A4F7556}") = "DAL.EF", "DAL.EF\DAL.EF.csproj", "{9BAD9CBA-E863-49A3-9EF9-239737666DC2}"
EndProject
Project("{9A19103F-16F7-4668-BE54-9A1E7A4F7556}") = "DAL.Interfaces", "DAL.Interfaces\DAL.Interfaces.csproj", "{FC5BF2F0-2734-4E46-A5A1-8041CC895EC7}"
EndProject
Project("{9A19103F-16F7-4668-BE54-9A1E7A4F7556}") = "Domain", "Domain\Domain.csproj", "{F5545D16-6034-4EA1-909C-C709A4CDA7F4}"
EndProject
Project("{9A19103F-16F7-4668-BE54-9A1E7A4F7556}") = "Helpers", "Helpers\Helpers.csproj", "{9BB3E7F8-35D1-420C-8950-F3C415033FBC}"
EndProject
Project("{FAE04EC0-301F-11D3-BF4B-00C04F79EFBC}") = "WebClient", "WebClient\WebClient.csproj", "{CCED338E-5490-4F27-9E7E-47223F9E94E7}"
EndProject
Global
	GlobalSection(SolutionConfigurationPlatforms) = preSolution
		Debug|Any CPU = Debug|Any CPU
		Release|Any CPU = Release|Any CPU
	EndGlobalSection
	GlobalSection(ProjectConfigurationPlatforms) = postSolution
		{C231D2BA-7060-4A5C-B6A0-AAEFF738189E}.Debug|Any CPU.ActiveCfg = Debug|Any CPU
		{C231D2BA-7060-4A5C-B6A0-AAEFF738189E}.Debug|Any CPU.Build.0 = Debug|Any CPU
		{C231D2BA-7060-4A5C-B6A0-AAEFF738189E}.Release|Any CPU.ActiveCfg = Release|Any CPU
		{C231D2BA-7060-4A5C-B6A0-AAEFF738189E}.Release|Any CPU.Build.0 = Release|Any CPU
		{890044E1-AA90-4DAD-A6CD-F46B9B14A132}.Debug|Any CPU.ActiveCfg = Debug|Any CPU
		{890044E1-AA90-4DAD-A6CD-F46B9B14A132}.Debug|Any CPU.Build.0 = Debug|Any CPU
		{890044E1-AA90-4DAD-A6CD-F46B9B14A132}.Release|Any CPU.ActiveCfg = Release|Any CPU
		{890044E1-AA90-4DAD-A6CD-F46B9B14A132}.Release|Any CPU.Build.0 = Release|Any CPU
		{00DEAF22-C4A7-41F5-9EFB-04C21E04FD5C}.Debug|Any CPU.ActiveCfg = Debug|Any CPU
		{00DEAF22-C4A7-41F5-9EFB-04C21E04FD5C}.Debug|Any CPU.Build.0 = Debug|Any CPU
		{00DEAF22-C4A7-41F5-9EFB-04C21E04FD5C}.Release|Any CPU.ActiveCfg = Release|Any CPU
		{00DEAF22-C4A7-41F5-9EFB-04C21E04FD5C}.Release|Any CPU.Build.0 = Release|Any CPU
		{075BE152-226C-4E2E-AB65-53252AB2B59A}.Debug|Any CPU.ActiveCfg = Debug|Any CPU
		{075BE152-226C-4E2E-AB65-53252AB2B59A}.Debug|Any CPU.Build.0 = Debug|Any CPU
		{075BE152-226C-4E2E-AB65-53252AB2B59A}.Release|Any CPU.ActiveCfg = Release|Any CPU
		{075BE152-226C-4E2E-AB65-53252AB2B59A}.Release|Any CPU.Build.0 = Release|Any CPU
		{9BAD9CBA-E863-49A3-9EF9-239737666DC2}.Debug|Any CPU.ActiveCfg = Debug|Any CPU
		{9BAD9CBA-E863-49A3-9EF9-239737666DC2}.Debug|Any CPU.Build.0 = Debug|Any CPU
		{9BAD9CBA-E863-49A3-9EF9-239737666DC2}.Release|Any CPU.ActiveCfg = Release|Any CPU
		{9BAD9CBA-E863-49A3-9EF9-239737666DC2}.Release|Any CPU.Build.0 = Release|Any CPU
		{FC5BF2F0-2734-4E46-A5A1-8041CC895EC7}.Debug|Any CPU.ActiveCfg = Debug|Any CPU
		{FC5BF2F0-2734-4E46-A5A1-8041CC895EC7}.Debug|Any CPU.Build.0 = Debug|Any CPU
		{FC5BF2F0-2734-4E46-A5A1-8041CC895EC7}.Release|Any CPU.ActiveCfg = Release|Any CPU
		{FC5BF2F0-2734-4E46-A5A1-8041CC895EC7}.Release|Any CPU.Build.0 = Release|Any CPU
		{F5545D16-6034-4EA1-909C-C709A4CDA7F4}.Debug|Any CPU.ActiveCfg = Debug|Any CPU
		{F5545D16-6034-4EA1-909C-C709A4CDA7F4}.Debug|Any CPU.Build.0 = Debug|Any CPU
		{F5545D16-6034-4EA1-909C-C709A4CDA7F4}.Release|Any CPU.ActiveCfg = Release|Any CPU
		{F5545D16-6034-4EA1-909C-C709A4CDA7F4}.Release|Any CPU.Build.0 = Release|Any CPU
		{9BB3E7F8-35D1-420C-8950-F3C415033FBC}.Debug|Any CPU.ActiveCfg = Debug|Any CPU
		{9BB3E7F8-35D1-420C-8950-F3C415033FBC}.Debug|Any CPU.Build.0 = Debug|Any CPU
		{9BB3E7F8-35D1-420C-8950-F3C415033FBC}.Release|Any CPU.ActiveCfg = Release|Any CPU
		{9BB3E7F8-35D1-420C-8950-F3C415033FBC}.Release|Any CPU.Build.0 = Release|Any CPU
		{CCED338E-5490-4F27-9E7E-47223F9E94E7}.Debug|Any CPU.ActiveCfg = Debug|Any CPU
		{CCED338E-5490-4F27-9E7E-47223F9E94E7}.Debug|Any CPU.Build.0 = Debug|Any CPU
		{CCED338E-5490-4F27-9E7E-47223F9E94E7}.Release|Any CPU.ActiveCfg = Release|Any CPU
		{CCED338E-5490-4F27-9E7E-47223F9E94E7}.Release|Any CPU.Build.0 = Release|Any CPU
	EndGlobalSection
	GlobalSection(SolutionProperties) = preSolution
		HideSolutionNode = FALSE
	EndGlobalSection
	GlobalSection(ExtensibilityGlobals) = postSolution
		SolutionGuid = {024290C8-0940-4EF6-BF26-824F009C989C}
	EndGlobalSection
EndGlobal
